# THIS IS AN AUTOGENERATED FILE. DO NOT EDIT THIS FILE DIRECTLY.
# yarn lockfile v1


fsevents@~2.3.1:
  version "2.3.2"
  resolved "https://registry.yarnpkg.com/fsevents/-/fsevents-2.3.2.tgz#8a526f78b8fdf4623b709e0b975c52c24c02fd1a"
  integrity sha512-xiqMQR4xAeHTuB9uWm+fFRcIOgKBMiOBP+eXiyT7jsgVCq1bkVygt00oASowB7EdtpOHaaPgKt812P9ab+DDKA==

rollup@^2.44.0:
  version "2.44.0"
  resolved "https://registry.yarnpkg.com/rollup/-/rollup-2.44.0.tgz#8da324d1c4fd12beef9ae6e12f4068265b6d95eb"
  integrity sha512-rGSF4pLwvuaH/x4nAS+zP6UNn5YUDWf/TeEU5IoXSZKBbKRNTCI3qMnYXKZgrC0D2KzS2baiOZt1OlqhMu5rnQ==
  optionalDependencies:
    fsevents "~2.3.1"

typescript@^4.2.3:
  version "4.2.3"
  resolved "https://registry.yarnpkg.com/typescript/-/typescript-4.2.3.tgz#39062d8019912d43726298f09493d598048c1ce3"
  integrity sha512-qOcYwxaByStAWrBf4x0fibwZvMRG+r4cQoTjbPtUlrWjBHbmCAww1i448U0GJ+3cNNEtebDteo/cHOR3xJ4wEw==
