# THIS IS AN AUTOGENERATED FILE. DO NOT EDIT THIS FILE DIRECTLY.
# yarn lockfile v1


"@babel/helper-validator-identifier@^7.14.9":
  version "7.14.9"
  resolved "https://registry.yarnpkg.com/@babel/helper-validator-identifier/-/helper-validator-identifier-7.14.9.tgz#6654d171b2024f6d8ee151bf2509699919131d48"
  integrity sha512-pQYxPY0UP6IHISRitNe8bsijHex4TWZXi2HwKVsjPiltzlhse2znVcm9Ace510VT1kxIHjGJCZZQBX2gJDbo0g==

"@babel/parser@^7.12.0":
  version "7.15.0"
  resolved "https://registry.yarnpkg.com/@babel/parser/-/parser-7.15.0.tgz#b6d6e29058ca369127b0eeca2a1c4b5794f1b6b9"
  integrity sha512-0v7oNOjr6YT9Z2RAOTv4T9aP+ubfx4Q/OhVtAet7PFDt0t9Oy6Jn+/rfC6b8HJ5zEqrQCiMxJfgtHpmIminmJQ==

"@babel/types@^7.12.0":
  version "7.15.0"
  resolved "https://registry.yarnpkg.com/@babel/types/-/types-7.15.0.tgz#61af11f2286c4e9c69ca8deb5f4375a73c72dcbd"
  integrity sha512-OBvfqnllOIdX4ojTHpwZbpvz4j3EWyjkZEdmjH0/cgsd6QOdSgU8rLSk6ard/pcW7rlmjdVSX/AWOaORR1uNOQ==
  dependencies:
    "@babel/helper-validator-identifier" "^7.14.9"
    to-fast-properties "^2.0.0"

"@vue/compiler-core@3.1.5":
  version "3.1.5"
  resolved "https://registry.yarnpkg.com/@vue/compiler-core/-/compiler-core-3.1.5.tgz#298f905b6065d6d81ff63756f98c60876b393c87"
  integrity sha512-TXBhFinoBaXKDykJzY26UEuQU1K07FOp/0Ie+OXySqqk0bS0ZO7Xvl7UmiTUPYcLrWbxWBR7Bs/y55AI0MNc2Q==
  dependencies:
    "@babel/parser" "^7.12.0"
    "@babel/types" "^7.12.0"
    "@vue/shared" "3.1.5"
    estree-walker "^2.0.1"
    source-map "^0.6.1"

"@vue/compiler-dom@3.1.5":
  version "3.1.5"
  resolved "https://registry.yarnpkg.com/@vue/compiler-dom/-/compiler-dom-3.1.5.tgz#cbb97020c62a5faa3fbc2a97916bd98041ac9856"
  integrity sha512-ZsL3jqJ52OjGU/YiT/9XiuZAmWClKInZM2aFJh9gnsAPqOrj2JIELMbkIFpVKR/CrVO/f2VxfPiiQdQTr65jcQ==
  dependencies:
    "@vue/compiler-core" "3.1.5"
    "@vue/shared" "3.1.5"

"@vue/reactivity@3.1.5":
  version "3.1.5"
  resolved "https://registry.yarnpkg.com/@vue/reactivity/-/reactivity-3.1.5.tgz#dbec4d9557f7c8f25c2635db1e23a78a729eb991"
  integrity sha512-1tdfLmNjWG6t/CsPldh+foumYFo3cpyCHgBYQ34ylaMsJ+SNHQ1kApMIa8jN+i593zQuaw3AdWH0nJTARzCFhg==
  dependencies:
    "@vue/shared" "3.1.5"

"@vue/runtime-core@3.1.5":
  version "3.1.5"
  resolved "https://registry.yarnpkg.com/@vue/runtime-core/-/runtime-core-3.1.5.tgz#a545b7f146092929cb5e833e85439150f17ac87b"
  integrity sha512-YQbG5cBktN1RowQDKA22itmvQ+b40f0WgQ6CXK4VYoYICAiAfu6Cc14777ve8zp1rJRGtk5oIeS149TOculrTg==
  dependencies:
    "@vue/reactivity" "3.1.5"
    "@vue/shared" "3.1.5"

"@vue/runtime-dom@3.1.5":
  version "3.1.5"
  resolved "https://registry.yarnpkg.com/@vue/runtime-dom/-/runtime-dom-3.1.5.tgz#4fa28947d408aa368fa17ea0edc1beb9af1472a1"
  integrity sha512-tNcf3JhVR0RfW0kw1p8xZgv30nvX8Y9rsz7eiQ0dHe273sfoCngAG0y4GvMaY4Xd8FsjUwFedd4suQ8Lu8meXg==
  dependencies:
    "@vue/runtime-core" "3.1.5"
    "@vue/shared" "3.1.5"
    csstype "^2.6.8"

"@vue/shared@3.1.5":
  version "3.1.5"
  resolved "https://registry.yarnpkg.com/@vue/shared/-/shared-3.1.5.tgz#74ee3aad995d0a3996a6bb9533d4d280514ede03"
  integrity sha512-oJ4F3TnvpXaQwZJNF3ZK+kLPHKarDmJjJ6jyzVNDKH9md1dptjC7lWR//jrGuLdek/U6iltWxqAnYOu8gCiOvA==

csstype@^2.6.8:
  version "2.6.17"
  resolved "https://registry.yarnpkg.com/csstype/-/csstype-2.6.17.tgz#4cf30eb87e1d1a005d8b6510f95292413f6a1c0e"
  integrity sha512-u1wmTI1jJGzCJzWndZo8mk4wnPTZd1eOIYTYvuEyOQGfmDl3TrabCCfKnOC86FZwW/9djqTl933UF/cS425i9A==

estree-walker@^2.0.1:
  version "2.0.2"
  resolved "https://registry.yarnpkg.com/estree-walker/-/estree-walker-2.0.2.tgz#52f010178c2a4c117a7757cfe942adb7d2da4cac"
  integrity sha512-Rfkk/Mp/DL7JVje3u18FxFujQlTNR2q6QfMSMB7AvCBx91NGj/ba3kCfza0f6dVDbw7YlRf/nDrn7pQrCCyQ/w==

fsevents@~2.3.2:
  version "2.3.2"
  resolved "https://registry.yarnpkg.com/fsevents/-/fsevents-2.3.2.tgz#8a526f78b8fdf4623b709e0b975c52c24c02fd1a"
  integrity sha512-xiqMQR4xAeHTuB9uWm+fFRcIOgKBMiOBP+eXiyT7jsgVCq1bkVygt00oASowB7EdtpOHaaPgKt812P9ab+DDKA==

rollup@^2.56.0:
  version "2.56.0"
  resolved "https://registry.yarnpkg.com/rollup/-/rollup-2.56.0.tgz#daa832955d2b58f1ed52a3c4c85b7d1adaf076d0"
  integrity sha512-weEafgbjbHCnrtJPNyCrhYnjP62AkF04P0BcV/1mofy1+gytWln4VVB1OK462cq2EAyWzRDpTMheSP/o+quoiA==
  optionalDependencies:
    fsevents "~2.3.2"

source-map@^0.6.1:
  version "0.6.1"
  resolved "https://registry.yarnpkg.com/source-map/-/source-map-0.6.1.tgz#74722af32e9614e9c287a8d0bbde48b5e2f1a263"
  integrity sha512-UjgapumWlbMhkBgzT7Ykc5YXUT46F0iKu8SGXq0bcwP5dz/h0Plj6enJqjz1Zbq2l5WaqYnrVbwWOWMyF3F47g==

to-fast-properties@^2.0.0:
  version "2.0.0"
  resolved "https://registry.yarnpkg.com/to-fast-properties/-/to-fast-properties-2.0.0.tgz#dc5e698cbd079265bc73e0377681a4e4e83f616e"
  integrity sha1-3F5pjL0HkmW8c+A3doGk5Og/YW4=

typescript@^4.3.5:
  version "4.3.5"
  resolved "https://registry.yarnpkg.com/typescript/-/typescript-4.3.5.tgz#4d1c37cc16e893973c45a06886b7113234f119f4"
  integrity sha512-DqQgihaQ9cUrskJo9kIyW/+g0Vxsk8cDtZ52a3NGh0YNTfpUSArXSohyUGnvbPazEPLu398C0UxmKSOrPumUzA==

vue@^3.1.5:
  version "3.1.5"
  resolved "https://registry.yarnpkg.com/vue/-/vue-3.1.5.tgz#12879b11d0685ee4478c8869551799630a52f9fe"
  integrity sha512-Ho7HNb1nfDoO+HVb6qYZgeaobt1XbY6KXFe4HGs1b9X6RhkWG/113n4/SrtM1LUclM6OrP/Se5aPHHvAPG1iVQ==
  dependencies:
    "@vue/compiler-dom" "3.1.5"
    "@vue/runtime-dom" "3.1.5"
    "@vue/shared" "3.1.5"
